
Microsoft Visual Studio Solution File, Format Version 12.00
# Visual Studio 2013
VisualStudioVersion = 12.0.40629.0
MinimumVisualStudioVersion = 10.0.40219.1
Project("{FAE04EC0-301F-11D3-BF4B-00C04F79EFBC}") = "Distribuidora.RF", "Distribuidora.RF\Distribuidora.RF.csproj", "{58EC2B74-89AD-45A4-9B42-1535ED0634FB}"
EndProject
Global
	GlobalSection(SolutionConfigurationPlatforms) = preSolution
		Debug|Any CPU = Debug|Any CPU
		Release|Any CPU = Release|Any CPU
	EndGlobalSection
	GlobalSection(ProjectConfigurationPlatforms) = postSolution
		{58EC2B74-89AD-45A4-9B42-1535ED0634FB}.Debug|Any CPU.ActiveCfg = Debug|Any CPU
		{58EC2B74-89AD-45A4-9B42-1535ED0634FB}.Debug|Any CPU.Build.0 = Debug|Any CPU
		{58EC2B74-89AD-45A4-9B42-1535ED0634FB}.Release|Any CPU.ActiveCfg = Release|Any CPU
		{58EC2B74-89AD-45A4-9B42-1535ED0634FB}.Release|Any CPU.Build.0 = Release|Any CPU
	EndGlobalSection
	GlobalSection(SolutionProperties) = preSolution
		HideSolutionNode = FALSE
	EndGlobalSection
EndGlobal
